{
  "requires": true,
  "lockfileVersion": 1,
  "dependencies": {
    "nouislider": {
      "version": "13.1.5",
      "resolved": "https://registry.npmjs.org/nouislider/-/nouislider-13.1.5.tgz",
      "integrity": "sha512-RZMuNW1Z4PcxC5q7wUKbr5EweCEnEUii3f2XtjS38VWcG5QjN11zvveRld+lrUwHIOKgfRWeIddZm5Xxfr7zCQ=="
    }
  }
}
